
Microsoft Visual Studio Solution File, Format Version 12.00
# Visual Studio Version 17
VisualStudioVersion = 17.14.36127.28 d17.14
MinimumVisualStudioVersion = 10.0.40219.1
Project("{FAE04EC0-301F-11D3-BF4B-00C04F79EFBC}") = "02_switch", "02_switch\02_switch.csproj", "{5949E414-AABF-44EB-A433-CD41DF4C1EF6}"
EndProject
Global
	GlobalSection(SolutionConfigurationPlatforms) = preSolution
		Debug|Any CPU = Debug|Any CPU
		Release|Any CPU = Release|Any CPU
	EndGlobalSection
	GlobalSection(ProjectConfigurationPlatforms) = postSolution
		{5949E414-AABF-44EB-A433-CD41DF4C1EF6}.Debug|Any CPU.ActiveCfg = Debug|Any CPU
		{5949E414-AABF-44EB-A433-CD41DF4C1EF6}.Debug|Any CPU.Build.0 = Debug|Any CPU
		{5949E414-AABF-44EB-A433-CD41DF4C1EF6}.Release|Any CPU.ActiveCfg = Release|Any CPU
		{5949E414-AABF-44EB-A433-CD41DF4C1EF6}.Release|Any CPU.Build.0 = Release|Any CPU
	EndGlobalSection
	GlobalSection(SolutionProperties) = preSolution
		HideSolutionNode = FALSE
	EndGlobalSection
	GlobalSection(ExtensibilityGlobals) = postSolution
		SolutionGuid = {3886AB4F-BF4D-4AB4-8FB3-98686F9539FA}
	EndGlobalSection
EndGlobal
