
Microsoft Visual Studio Solution File, Format Version 12.00
# Visual Studio Version 17
VisualStudioVersion = 17.14.36127.28
MinimumVisualStudioVersion = 10.0.40219.1
Project("{FAE04EC0-301F-11D3-BF4B-00C04F79EFBC}") = "05_http", "05_http\05_http.csproj", "{6048105C-FB48-4591-901E-4B9CCB243CBC}"
EndProject
Project("{FAE04EC0-301F-11D3-BF4B-00C04F79EFBC}") = "06_http_file_server", "06_http_file_server\06_http_file_server.csproj", "{8C46C556-6581-4A56-A218-3715F40609BC}"
EndProject
Project("{FAE04EC0-301F-11D3-BF4B-00C04F79EFBC}") = "07_cloud_clipboard", "07_cloud_clipboard\07_cloud_clipboard.csproj", "{0906FBD2-A667-41A1-B0EB-C1ABB43786FD}"
EndProject
Global
	GlobalSection(SolutionConfigurationPlatforms) = preSolution
		Debug|Any CPU = Debug|Any CPU
		Release|Any CPU = Release|Any CPU
	EndGlobalSection
	GlobalSection(ProjectConfigurationPlatforms) = postSolution
		{6048105C-FB48-4591-901E-4B9CCB243CBC}.Debug|Any CPU.ActiveCfg = Debug|Any CPU
		{6048105C-FB48-4591-901E-4B9CCB243CBC}.Debug|Any CPU.Build.0 = Debug|Any CPU
		{6048105C-FB48-4591-901E-4B9CCB243CBC}.Release|Any CPU.ActiveCfg = Release|Any CPU
		{6048105C-FB48-4591-901E-4B9CCB243CBC}.Release|Any CPU.Build.0 = Release|Any CPU
		{8C46C556-6581-4A56-A218-3715F40609BC}.Debug|Any CPU.ActiveCfg = Debug|Any CPU
		{8C46C556-6581-4A56-A218-3715F40609BC}.Debug|Any CPU.Build.0 = Debug|Any CPU
		{8C46C556-6581-4A56-A218-3715F40609BC}.Release|Any CPU.ActiveCfg = Release|Any CPU
		{8C46C556-6581-4A56-A218-3715F40609BC}.Release|Any CPU.Build.0 = Release|Any CPU
		{0906FBD2-A667-41A1-B0EB-C1ABB43786FD}.Debug|Any CPU.ActiveCfg = Debug|Any CPU
		{0906FBD2-A667-41A1-B0EB-C1ABB43786FD}.Debug|Any CPU.Build.0 = Debug|Any CPU
		{0906FBD2-A667-41A1-B0EB-C1ABB43786FD}.Release|Any CPU.ActiveCfg = Release|Any CPU
		{0906FBD2-A667-41A1-B0EB-C1ABB43786FD}.Release|Any CPU.Build.0 = Release|Any CPU
	EndGlobalSection
	GlobalSection(SolutionProperties) = preSolution
		HideSolutionNode = FALSE
	EndGlobalSection
	GlobalSection(ExtensibilityGlobals) = postSolution
		SolutionGuid = {816A5257-5DFC-48B5-9535-344D81455028}
	EndGlobalSection
EndGlobal
