
Microsoft Visual Studio Solution File, Format Version 12.00
# Visual Studio Version 17
VisualStudioVersion = 17.14.36127.28 d17.14
MinimumVisualStudioVersion = 10.0.40219.1
Project("{FAE04EC0-301F-11D3-BF4B-00C04F79EFBC}") = "Server", "Server\Server.csproj", "{7B5F7A42-A6EE-4E3D-8215-69E0D6611277}"
EndProject
Project("{FAE04EC0-301F-11D3-BF4B-00C04F79EFBC}") = "MProto", "MProto\MProto.csproj", "{EADE391A-64C5-4445-AAB9-8E1F43CA6CB9}"
EndProject
Project("{FAE04EC0-301F-11D3-BF4B-00C04F79EFBC}") = "MTypes", "MTypes\MTypes.csproj", "{6C132665-2E05-4E75-8684-77DADB49D693}"
EndProject
Project("{FAE04EC0-301F-11D3-BF4B-00C04F79EFBC}") = "TestClient", "TestClient\TestClient.csproj", "{B6E4504C-9E00-4CB9-98FC-A6237F23155B}"
EndProject
Global
	GlobalSection(SolutionConfigurationPlatforms) = preSolution
		Debug|Any CPU = Debug|Any CPU
		Release|Any CPU = Release|Any CPU
	EndGlobalSection
	GlobalSection(ProjectConfigurationPlatforms) = postSolution
		{7B5F7A42-A6EE-4E3D-8215-69E0D6611277}.Debug|Any CPU.ActiveCfg = Debug|Any CPU
		{7B5F7A42-A6EE-4E3D-8215-69E0D6611277}.Debug|Any CPU.Build.0 = Debug|Any CPU
		{7B5F7A42-A6EE-4E3D-8215-69E0D6611277}.Release|Any CPU.ActiveCfg = Release|Any CPU
		{7B5F7A42-A6EE-4E3D-8215-69E0D6611277}.Release|Any CPU.Build.0 = Release|Any CPU
		{EADE391A-64C5-4445-AAB9-8E1F43CA6CB9}.Debug|Any CPU.ActiveCfg = Debug|Any CPU
		{EADE391A-64C5-4445-AAB9-8E1F43CA6CB9}.Debug|Any CPU.Build.0 = Debug|Any CPU
		{EADE391A-64C5-4445-AAB9-8E1F43CA6CB9}.Release|Any CPU.ActiveCfg = Release|Any CPU
		{EADE391A-64C5-4445-AAB9-8E1F43CA6CB9}.Release|Any CPU.Build.0 = Release|Any CPU
		{6C132665-2E05-4E75-8684-77DADB49D693}.Debug|Any CPU.ActiveCfg = Debug|Any CPU
		{6C132665-2E05-4E75-8684-77DADB49D693}.Debug|Any CPU.Build.0 = Debug|Any CPU
		{6C132665-2E05-4E75-8684-77DADB49D693}.Release|Any CPU.ActiveCfg = Release|Any CPU
		{6C132665-2E05-4E75-8684-77DADB49D693}.Release|Any CPU.Build.0 = Release|Any CPU
		{B6E4504C-9E00-4CB9-98FC-A6237F23155B}.Debug|Any CPU.ActiveCfg = Debug|Any CPU
		{B6E4504C-9E00-4CB9-98FC-A6237F23155B}.Debug|Any CPU.Build.0 = Debug|Any CPU
		{B6E4504C-9E00-4CB9-98FC-A6237F23155B}.Release|Any CPU.ActiveCfg = Release|Any CPU
		{B6E4504C-9E00-4CB9-98FC-A6237F23155B}.Release|Any CPU.Build.0 = Release|Any CPU
	EndGlobalSection
	GlobalSection(SolutionProperties) = preSolution
		HideSolutionNode = FALSE
	EndGlobalSection
	GlobalSection(ExtensibilityGlobals) = postSolution
		SolutionGuid = {9732B0FF-2E4B-4D5D-876C-D1F42B7E2C3D}
	EndGlobalSection
EndGlobal
